// !$*UTF8*$!
{
	archiveVersion = 1;
	classes = {
	};
	objectVersion = 56;
	objects = {

/* Begin PBXBuildFile section */
		452B41DC2ACEEFED00F7BD3F /* ScrumdingerApp.swift in Sources */ = {isa = PBXBuildFile; fileRef = 452B41DB2ACEEFED00F7BD3F /* ScrumdingerApp.swift */; };
		452B41DE2ACEEFED00F7BD3F /* MeetingView.swift in Sources */ = {isa = PBXBuildFile; fileRef = 452B41DD2ACEEFED00F7BD3F /* MeetingView.swift */; };
		452B41E02ACEEFEE00F7BD3F /* Assets.xcassets in Resources */ = {isa = PBXBuildFile; fileRef = 452B41DF2ACEEFEE00F7BD3F /* Assets.xcassets */; };
		452B41E32ACEEFEE00F7BD3F /* Preview Assets.xcassets in Resources */ = {isa = PBXBuildFile; fileRef = 452B41E22ACEEFEE00F7BD3F /* Preview Assets.xcassets */; };
		452B41ED2ACEEFEE00F7BD3F /* ScrumdingerTests.swift in Sources */ = {isa = PBXBuildFile; fileRef = 452B41EC2ACEEFEE00F7BD3F /* ScrumdingerTests.swift */; };
		452B41F72ACEEFEE00F7BD3F /* ScrumdingerUITests.swift in Sources */ = {isa = PBXBuildFile; fileRef = 452B41F62ACEEFEE00F7BD3F /* ScrumdingerUITests.swift */; };
		452B41F92ACEEFEE00F7BD3F /* ScrumdingerUITestsLaunchTests.swift in Sources */ = {isa = PBXBuildFile; fileRef = 452B41F82ACEEFEE00F7BD3F /* ScrumdingerUITestsLaunchTests.swift */; };
		452B42072ACEFAEE00F7BD3F /* Theme.swift in Sources */ = {isa = PBXBuildFile; fileRef = 452B42062ACEFAEE00F7BD3F /* Theme.swift */; };
		452B42092ACEFC8A00F7BD3F /* DailyScrum.swift in Sources */ = {isa = PBXBuildFile; fileRef = 452B42082ACEFC8A00F7BD3F /* DailyScrum.swift */; };
		452B420B2ACEFD7F00F7BD3F /* CardView.swift in Sources */ = {isa = PBXBuildFile; fileRef = 452B420A2ACEFD7F00F7BD3F /* CardView.swift */; };
		452B420F2ACF02FD00F7BD3F /* TrailingIconLabelStyle.swift in Sources */ = {isa = PBXBuildFile; fileRef = 452B420E2ACF02FD00F7BD3F /* TrailingIconLabelStyle.swift */; };
		452B42112ACF05AB00F7BD3F /* ScrumsView.swift in Sources */ = {isa = PBXBuildFile; fileRef = 452B42102ACF05AB00F7BD3F /* ScrumsView.swift */; };
		452B42132ACF0F2900F7BD3F /* DetailView.swift in Sources */ = {isa = PBXBuildFile; fileRef = 452B42122ACF0F2900F7BD3F /* DetailView.swift */; };
		45349F132AD070540018A5AB /* ScrumTimer.swift in Sources */ = {isa = PBXBuildFile; fileRef = 45349F122AD070540018A5AB /* ScrumTimer.swift */; };
		45349F152AD074370018A5AB /* MeetingFooterView.swift in Sources */ = {isa = PBXBuildFile; fileRef = 45349F142AD074370018A5AB /* MeetingFooterView.swift */; };
		4542F7572AD077E2002E075D /* AVPlayer+Ding.swift in Sources */ = {isa = PBXBuildFile; fileRef = 4542F7562AD077E2002E075D /* AVPlayer+Ding.swift */; };
		4542F75B2AD0904D002E075D /* ding.wav in Resources */ = {isa = PBXBuildFile; fileRef = 4542F75A2AD0904D002E075D /* ding.wav */; };
		4542F75D2AD0931D002E075D /* NewScrumSheet.swift in Sources */ = {isa = PBXBuildFile; fileRef = 4542F75C2AD0931D002E075D /* NewScrumSheet.swift */; };
		4542F75F2AD09684002E075D /* EditScrumSheet.swift in Sources */ = {isa = PBXBuildFile; fileRef = 4542F75E2AD09684002E075D /* EditScrumSheet.swift */; };
		4542F7612AD09F90002E075D /* History.swift in Sources */ = {isa = PBXBuildFile; fileRef = 4542F7602AD09F90002E075D /* History.swift */; };
		454A5FA22AD065AC00350785 /* MeetingHeaderView.swift in Sources */ = {isa = PBXBuildFile; fileRef = 454A5FA12AD065AC00350785 /* MeetingHeaderView.swift */; };
		454A5FA72AD06DF300350785 /* ScrumProgressViewStyle.swift in Sources */ = {isa = PBXBuildFile; fileRef = 454A5FA62AD06DF300350785 /* ScrumProgressViewStyle.swift */; };
		45ACB79A2AD1AA560035E688 /* ScrumStore.swift in Sources */ = {isa = PBXBuildFile; fileRef = 45ACB7992AD1AA560035E688 /* ScrumStore.swift */; };
		45ACB79C2AD1BDAA0035E688 /* ErrorWrapper.swift in Sources */ = {isa = PBXBuildFile; fileRef = 45ACB79B2AD1BDAA0035E688 /* ErrorWrapper.swift */; };
		45ACB79E2AD1BE170035E688 /* ErrorView.swift in Sources */ = {isa = PBXBuildFile; fileRef = 45ACB79D2AD1BE170035E688 /* ErrorView.swift */; };
		45ACB7A02AD1D00E0035E688 /* MeetingTimerView.swift in Sources */ = {isa = PBXBuildFile; fileRef = 45ACB79F2AD1D00E0035E688 /* MeetingTimerView.swift */; };
		45ACB7A22AD1D2960035E688 /* SpeakerArc.swift in Sources */ = {isa = PBXBuildFile; fileRef = 45ACB7A12AD1D2960035E688 /* SpeakerArc.swift */; };
		45ACB7A32AD1D2960035E688 /* SpeakerArc.swift in Sources */ = {isa = PBXBuildFile; fileRef = 45ACB7A12AD1D2960035E688 /* SpeakerArc.swift */; };
		45ACB7A62AD1EC2D0035E688 /* SpeechRecognizer.swift in Sources */ = {isa = PBXBuildFile; fileRef = 45ACB7A52AD1EC2D0035E688 /* SpeechRecognizer.swift */; };
		45ACB7A72AD1EC2D0035E688 /* SpeechRecognizer.swift in Sources */ = {isa = PBXBuildFile; fileRef = 45ACB7A52AD1EC2D0035E688 /* SpeechRecognizer.swift */; };
		45ACB7A92AD1F0F40035E688 /* HistoryView.swift in Sources */ = {isa = PBXBuildFile; fileRef = 45ACB7A82AD1F0F40035E688 /* HistoryView.swift */; };
		45ACB7AA2AD1F0F40035E688 /* HistoryView.swift in Sources */ = {isa = PBXBuildFile; fileRef = 45ACB7A82AD1F0F40035E688 /* HistoryView.swift */; };
		45ACB7AB2AD1F0F40035E688 /* HistoryView.swift in Sources */ = {isa = PBXBuildFile; fileRef = 45ACB7A82AD1F0F40035E688 /* HistoryView.swift */; };
		45EF2C9B2ACF306100121246 /* DetailEditView.swift in Sources */ = {isa = PBXBuildFile; fileRef = 45EF2C9A2ACF306100121246 /* DetailEditView.swift */; };
		45EF2C9D2ACF3C2100121246 /* ThemeView.swift in Sources */ = {isa = PBXBuildFile; fileRef = 45EF2C9C2ACF3C2100121246 /* ThemeView.swift */; };
		45EF2C9F2ACF444A00121246 /* ThemePicker.swift in Sources */ = {isa = PBXBuildFile; fileRef = 45EF2C9E2ACF444A00121246 /* ThemePicker.swift */; };
/* End PBXBuildFile section */

/* Begin PBXContainerItemProxy section */
		452B41E92ACEEFEE00F7BD3F /* PBXContainerItemProxy */ = {
			isa = PBXContainerItemProxy;
			containerPortal = 452B41D02ACEEFED00F7BD3F /* Project object */;
			proxyType = 1;
			remoteGlobalIDString = 452B41D72ACEEFED00F7BD3F;
			remoteInfo = Scrumdinger;
		};
		452B41F32ACEEFEE00F7BD3F /* PBXContainerItemProxy */ = {
			isa = PBXContainerItemProxy;
			containerPortal = 452B41D02ACEEFED00F7BD3F /* Project object */;
			proxyType = 1;
			remoteGlobalIDString = 452B41D72ACEEFED00F7BD3F;
			remoteInfo = Scrumdinger;
		};
/* End PBXContainerItemProxy section */

/* Begin PBXFileReference section */
		452B41D82ACEEFED00F7BD3F /* Scrumdinger.app */ = {isa = PBXFileReference; explicitFileType = wrapper.application; includeInIndex = 0; path = Scrumdinger.app; sourceTree = BUILT_PRODUCTS_DIR; };
		452B41DB2ACEEFED00F7BD3F /* ScrumdingerApp.swift */ = {isa = PBXFileReference; lastKnownFileType = sourcecode.swift; path = ScrumdingerApp.swift; sourceTree = "<group>"; };
		452B41DD2ACEEFED00F7BD3F /* MeetingView.swift */ = {isa = PBXFileReference; lastKnownFileType = sourcecode.swift; path = MeetingView.swift; sourceTree = "<group>"; };
		452B41DF2ACEEFEE00F7BD3F /* Assets.xcassets */ = {isa = PBXFileReference; lastKnownFileType = folder.assetcatalog; path = Assets.xcassets; sourceTree = "<group>"; };
		452B41E22ACEEFEE00F7BD3F /* Preview Assets.xcassets */ = {isa = PBXFileReference; lastKnownFileType = folder.assetcatalog; path = "Preview Assets.xcassets"; sourceTree = "<group>"; };
		452B41E82ACEEFEE00F7BD3F /* ScrumdingerTests.xctest */ = {isa = PBXFileReference; explicitFileType = wrapper.cfbundle; includeInIndex = 0; path = ScrumdingerTests.xctest; sourceTree = BUILT_PRODUCTS_DIR; };
		452B41EC2ACEEFEE00F7BD3F /* ScrumdingerTests.swift */ = {isa = PBXFileReference; lastKnownFileType = sourcecode.swift; path = ScrumdingerTests.swift; sourceTree = "<group>"; };
		452B41F22ACEEFEE00F7BD3F /* ScrumdingerUITests.xctest */ = {isa = PBXFileReference; explicitFileType = wrapper.cfbundle; includeInIndex = 0; path = ScrumdingerUITests.xctest; sourceTree = BUILT_PRODUCTS_DIR; };
		452B41F62ACEEFEE00F7BD3F /* ScrumdingerUITests.swift */ = {isa = PBXFileReference; lastKnownFileType = sourcecode.swift; path = ScrumdingerUITests.swift; sourceTree = "<group>"; };
		452B41F82ACEEFEE00F7BD3F /* ScrumdingerUITestsLaunchTests.swift */ = {isa = PBXFileReference; lastKnownFileType = sourcecode.swift; path = ScrumdingerUITestsLaunchTests.swift; sourceTree = "<group>"; };
		452B42062ACEFAEE00F7BD3F /* Theme.swift */ = {isa = PBXFileReference; lastKnownFileType = sourcecode.swift; path = Theme.swift; sourceTree = "<group>"; };
		452B42082ACEFC8A00F7BD3F /* DailyScrum.swift */ = {isa = PBXFileReference; lastKnownFileType = sourcecode.swift; path = DailyScrum.swift; sourceTree = "<group>"; };
		452B420A2ACEFD7F00F7BD3F /* CardView.swift */ = {isa = PBXFileReference; lastKnownFileType = sourcecode.swift; path = CardView.swift; sourceTree = "<group>"; };
		452B420E2ACF02FD00F7BD3F /* TrailingIconLabelStyle.swift */ = {isa = PBXFileReference; lastKnownFileType = sourcecode.swift; path = TrailingIconLabelStyle.swift; sourceTree = "<group>"; };
		452B42102ACF05AB00F7BD3F /* ScrumsView.swift */ = {isa = PBXFileReference; lastKnownFileType = sourcecode.swift; path = ScrumsView.swift; sourceTree = "<group>"; };
		452B42122ACF0F2900F7BD3F /* DetailView.swift */ = {isa = PBXFileReference; lastKnownFileType = sourcecode.swift; path = DetailView.swift; sourceTree = "<group>"; };
		45349F122AD070540018A5AB /* ScrumTimer.swift */ = {isa = PBXFileReference; lastKnownFileType = sourcecode.swift; path = ScrumTimer.swift; sourceTree = "<group>"; };
		45349F142AD074370018A5AB /* MeetingFooterView.swift */ = {isa = PBXFileReference; lastKnownFileType = sourcecode.swift; path = MeetingFooterView.swift; sourceTree = "<group>"; };
		4542F7562AD077E2002E075D /* AVPlayer+Ding.swift */ = {isa = PBXFileReference; lastKnownFileType = sourcecode.swift; path = "AVPlayer+Ding.swift"; sourceTree = "<group>"; };
		4542F75A2AD0904D002E075D /* ding.wav */ = {isa = PBXFileReference; lastKnownFileType = audio.wav; path = ding.wav; sourceTree = "<group>"; };
		4542F75C2AD0931D002E075D /* NewScrumSheet.swift */ = {isa = PBXFileReference; lastKnownFileType = sourcecode.swift; path = NewScrumSheet.swift; sourceTree = "<group>"; };
		4542F75E2AD09684002E075D /* EditScrumSheet.swift */ = {isa = PBXFileReference; lastKnownFileType = sourcecode.swift; path = EditScrumSheet.swift; sourceTree = "<group>"; };
		4542F7602AD09F90002E075D /* History.swift */ = {isa = PBXFileReference; lastKnownFileType = sourcecode.swift; path = History.swift; sourceTree = "<group>"; };
		454A5FA12AD065AC00350785 /* MeetingHeaderView.swift */ = {isa = PBXFileReference; lastKnownFileType = sourcecode.swift; path = MeetingHeaderView.swift; sourceTree = "<group>"; };
		454A5FA62AD06DF300350785 /* ScrumProgressViewStyle.swift */ = {isa = PBXFileReference; lastKnownFileType = sourcecode.swift; path = ScrumProgressViewStyle.swift; sourceTree = "<group>"; };
		45ACB7992AD1AA560035E688 /* ScrumStore.swift */ = {isa = PBXFileReference; lastKnownFileType = sourcecode.swift; path = ScrumStore.swift; sourceTree = "<group>"; };
		45ACB79B2AD1BDAA0035E688 /* ErrorWrapper.swift */ = {isa = PBXFileReference; lastKnownFileType = sourcecode.swift; path = ErrorWrapper.swift; sourceTree = "<group>"; };
		45ACB79D2AD1BE170035E688 /* ErrorView.swift */ = {isa = PBXFileReference; lastKnownFileType = sourcecode.swift; path = ErrorView.swift; sourceTree = "<group>"; };
		45ACB79F2AD1D00E0035E688 /* MeetingTimerView.swift */ = {isa = PBXFileReference; lastKnownFileType = sourcecode.swift; path = MeetingTimerView.swift; sourceTree = "<group>"; };
		45ACB7A12AD1D2960035E688 /* SpeakerArc.swift */ = {isa = PBXFileReference; lastKnownFileType = sourcecode.swift; path = SpeakerArc.swift; sourceTree = "<group>"; };
		45ACB7A42AD1EB410035E688 /* Info.plist */ = {isa = PBXFileReference; lastKnownFileType = text.plist; path = Info.plist; sourceTree = "<group>"; };
		45ACB7A52AD1EC2D0035E688 /* SpeechRecognizer.swift */ = {isa = PBXFileReference; lastKnownFileType = sourcecode.swift; path = SpeechRecognizer.swift; sourceTree = "<group>"; };
		45ACB7A82AD1F0F40035E688 /* HistoryView.swift */ = {isa = PBXFileReference; lastKnownFileType = sourcecode.swift; path = HistoryView.swift; sourceTree = "<group>"; };
		45EF2C9A2ACF306100121246 /* DetailEditView.swift */ = {isa = PBXFileReference; lastKnownFileType = sourcecode.swift; path = DetailEditView.swift; sourceTree = "<group>"; };
		45EF2C9C2ACF3C2100121246 /* ThemeView.swift */ = {isa = PBXFileReference; lastKnownFileType = sourcecode.swift; path = ThemeView.swift; sourceTree = "<group>"; };
		45EF2C9E2ACF444A00121246 /* ThemePicker.swift */ = {isa = PBXFileReference; lastKnownFileType = sourcecode.swift; path = ThemePicker.swift; sourceTree = "<group>"; };
/* End PBXFileReference section */

/* Begin PBXFrameworksBuildPhase section */
		452B41D52ACEEFED00F7BD3F /* Frameworks */ = {
			isa = PBXFrameworksBuildPhase;
			buildActionMask = 2147483647;
			files = (
			);
			runOnlyForDeploymentPostprocessing = 0;
		};
		452B41E52ACEEFEE00F7BD3F /* Frameworks */ = {
			isa = PBXFrameworksBuildPhase;
			buildActionMask = 2147483647;
			files = (
			);
			runOnlyForDeploymentPostprocessing = 0;
		};
		452B41EF2ACEEFEE00F7BD3F /* Frameworks */ = {
			isa = PBXFrameworksBuildPhase;
			buildActionMask = 2147483647;
			files = (
			);
			runOnlyForDeploymentPostprocessing = 0;
		};
/* End PBXFrameworksBuildPhase section */

/* Begin PBXGroup section */
		452B41CF2ACEEFED00F7BD3F = {
			isa = PBXGroup;
			children = (
				452B41DA2ACEEFED00F7BD3F /* Scrumdinger */,
				452B41EB2ACEEFEE00F7BD3F /* ScrumdingerTests */,
				452B41F52ACEEFEE00F7BD3F /* ScrumdingerUITests */,
				452B41D92ACEEFED00F7BD3F /* Products */,
			);
			sourceTree = "<group>";
		};
		452B41D92ACEEFED00F7BD3F /* Products */ = {
			isa = PBXGroup;
			children = (
				452B41D82ACEEFED00F7BD3F /* Scrumdinger.app */,
				452B41E82ACEEFEE00F7BD3F /* ScrumdingerTests.xctest */,
				452B41F22ACEEFEE00F7BD3F /* ScrumdingerUITests.xctest */,
			);
			name = Products;
			sourceTree = "<group>";
		};
		452B41DA2ACEEFED00F7BD3F /* Scrumdinger */ = {
			isa = PBXGroup;
			children = (
				45ACB7A42AD1EB410035E688 /* Info.plist */,
				4542F7592AD0904D002E075D /* Resources */,
				454A5FA32AD06B6000350785 /* Views */,
				452B42052ACEFACA00F7BD3F /* Models */,
				452B41DB2ACEEFED00F7BD3F /* ScrumdingerApp.swift */,
				452B41DF2ACEEFEE00F7BD3F /* Assets.xcassets */,
				452B41E12ACEEFEE00F7BD3F /* Preview Content */,
			);
			path = Scrumdinger;
			sourceTree = "<group>";
		};
		452B41E12ACEEFEE00F7BD3F /* Preview Content */ = {
			isa = PBXGroup;
			children = (
				452B41E22ACEEFEE00F7BD3F /* Preview Assets.xcassets */,
			);
			path = "Preview Content";
			sourceTree = "<group>";
		};
		452B41EB2ACEEFEE00F7BD3F /* ScrumdingerTests */ = {
			isa = PBXGroup;
			children = (
				452B41EC2ACEEFEE00F7BD3F /* ScrumdingerTests.swift */,
			);
			path = ScrumdingerTests;
			sourceTree = "<group>";
		};
		452B41F52ACEEFEE00F7BD3F /* ScrumdingerUITests */ = {
			isa = PBXGroup;
			children = (
				452B41F62ACEEFEE00F7BD3F /* ScrumdingerUITests.swift */,
				452B41F82ACEEFEE00F7BD3F /* ScrumdingerUITestsLaunchTests.swift */,
			);
			path = ScrumdingerUITests;
			sourceTree = "<group>";
		};
		452B42052ACEFACA00F7BD3F /* Models */ = {
			isa = PBXGroup;
			children = (
				452B42062ACEFAEE00F7BD3F /* Theme.swift */,
				452B42082ACEFC8A00F7BD3F /* DailyScrum.swift */,
				45349F122AD070540018A5AB /* ScrumTimer.swift */,
				4542F7562AD077E2002E075D /* AVPlayer+Ding.swift */,
				4542F7602AD09F90002E075D /* History.swift */,
				45ACB7992AD1AA560035E688 /* ScrumStore.swift */,
				45ACB79B2AD1BDAA0035E688 /* ErrorWrapper.swift */,
				45ACB7A52AD1EC2D0035E688 /* SpeechRecognizer.swift */,
			);
			path = Models;
			sourceTree = "<group>";
		};
		4542F7592AD0904D002E075D /* Resources */ = {
			isa = PBXGroup;
			children = (
				4542F75A2AD0904D002E075D /* ding.wav */,
			);
			path = Resources;
			sourceTree = "<group>";
		};
		454A5FA32AD06B6000350785 /* Views */ = {
			isa = PBXGroup;
			children = (
				452B41DD2ACEEFED00F7BD3F /* MeetingView.swift */,
				452B420A2ACEFD7F00F7BD3F /* CardView.swift */,
				452B420E2ACF02FD00F7BD3F /* TrailingIconLabelStyle.swift */,
				452B42102ACF05AB00F7BD3F /* ScrumsView.swift */,
				452B42122ACF0F2900F7BD3F /* DetailView.swift */,
				45EF2C9E2ACF444A00121246 /* ThemePicker.swift */,
				45EF2C9C2ACF3C2100121246 /* ThemeView.swift */,
				454A5FA12AD065AC00350785 /* MeetingHeaderView.swift */,
				45EF2C9A2ACF306100121246 /* DetailEditView.swift */,
				454A5FA62AD06DF300350785 /* ScrumProgressViewStyle.swift */,
				45349F142AD074370018A5AB /* MeetingFooterView.swift */,
				4542F75C2AD0931D002E075D /* NewScrumSheet.swift */,
				4542F75E2AD09684002E075D /* EditScrumSheet.swift */,
				45ACB79D2AD1BE170035E688 /* ErrorView.swift */,
				45ACB79F2AD1D00E0035E688 /* MeetingTimerView.swift */,
				45ACB7A12AD1D2960035E688 /* SpeakerArc.swift */,
				45ACB7A82AD1F0F40035E688 /* HistoryView.swift */,
			);
			path = Views;
			sourceTree = "<group>";
		};
/* End PBXGroup section */

/* Begin PBXNativeTarget section */
		452B41D72ACEEFED00F7BD3F /* Scrumdinger */ = {
			isa = PBXNativeTarget;
			buildConfigurationList = 452B41FC2ACEEFEE00F7BD3F /* Build configuration list for PBXNativeTarget "Scrumdinger" */;
			buildPhases = (
				452B41D42ACEEFED00F7BD3F /* Sources */,
				452B41D52ACEEFED00F7BD3F /* Frameworks */,
				452B41D62ACEEFED00F7BD3F /* Resources */,
			);
			buildRules = (
			);
			dependencies = (
			);
			name = Scrumdinger;
			productName = Scrumdinger;
			productReference = 452B41D82ACEEFED00F7BD3F /* Scrumdinger.app */;
			productType = "com.apple.product-type.application";
		};
		452B41E72ACEEFEE00F7BD3F /* ScrumdingerTests */ = {
			isa = PBXNativeTarget;
			buildConfigurationList = 452B41FF2ACEEFEE00F7BD3F /* Build configuration list for PBXNativeTarget "ScrumdingerTests" */;
			buildPhases = (
				452B41E42ACEEFEE00F7BD3F /* Sources */,
				452B41E52ACEEFEE00F7BD3F /* Frameworks */,
				452B41E62ACEEFEE00F7BD3F /* Resources */,
			);
			buildRules = (
			);
			dependencies = (
				452B41EA2ACEEFEE00F7BD3F /* PBXTargetDependency */,
			);
			name = ScrumdingerTests;
			productName = ScrumdingerTests;
			productReference = 452B41E82ACEEFEE00F7BD3F /* ScrumdingerTests.xctest */;
			productType = "com.apple.product-type.bundle.unit-test";
		};
		452B41F12ACEEFEE00F7BD3F /* ScrumdingerUITests */ = {
			isa = PBXNativeTarget;
			buildConfigurationList = 452B42022ACEEFEE00F7BD3F /* Build configuration list for PBXNativeTarget "ScrumdingerUITests" */;
			buildPhases = (
				452B41EE2ACEEFEE00F7BD3F /* Sources */,
				452B41EF2ACEEFEE00F7BD3F /* Frameworks */,
				452B41F02ACEEFEE00F7BD3F /* Resources */,
			);
			buildRules = (
			);
			dependencies = (
				452B41F42ACEEFEE00F7BD3F /* PBXTargetDependency */,
			);
			name = ScrumdingerUITests;
			productName = ScrumdingerUITests;
			productReference = 452B41F22ACEEFEE00F7BD3F /* ScrumdingerUITests.xctest */;
			productType = "com.apple.product-type.bundle.ui-testing";
		};
/* End PBXNativeTarget section */

/* Begin PBXProject section */
		452B41D02ACEEFED00F7BD3F /* Project object */ = {
			isa = PBXProject;
			attributes = {
				BuildIndependentTargetsInParallel = 1;
				LastSwiftUpdateCheck = 1500;
				LastUpgradeCheck = 1500;
				TargetAttributes = {
					452B41D72ACEEFED00F7BD3F = {
						CreatedOnToolsVersion = 15.0;
					};
					452B41E72ACEEFEE00F7BD3F = {
						CreatedOnToolsVersion = 15.0;
						TestTargetID = 452B41D72ACEEFED00F7BD3F;
					};
					452B41F12ACEEFEE00F7BD3F = {
						CreatedOnToolsVersion = 15.0;
						TestTargetID = 452B41D72ACEEFED00F7BD3F;
					};
				};
			};
			buildConfigurationList = 452B41D32ACEEFED00F7BD3F /* Build configuration list for PBXProject "Scrumdinger" */;
			compatibilityVersion = "Xcode 14.0";
			developmentRegion = en;
			hasScannedForEncodings = 0;
			knownRegions = (
				en,
				Base,
				ar,
			);
			mainGroup = 452B41CF2ACEEFED00F7BD3F;
			productRefGroup = 452B41D92ACEEFED00F7BD3F /* Products */;
			projectDirPath = "";
			projectRoot = "";
			targets = (
				452B41D72ACEEFED00F7BD3F /* Scrumdinger */,
				452B41E72ACEEFEE00F7BD3F /* ScrumdingerTests */,
				452B41F12ACEEFEE00F7BD3F /* ScrumdingerUITests */,
			);
		};
/* End PBXProject section */

/* Begin PBXResourcesBuildPhase section */
		452B41D62ACEEFED00F7BD3F /* Resources */ = {
			isa = PBXResourcesBuildPhase;
			buildActionMask = 2147483647;
			files = (
				4542F75B2AD0904D002E075D /* ding.wav in Resources */,
				452B41E32ACEEFEE00F7BD3F /* Preview Assets.xcassets in Resources */,
				452B41E02ACEEFEE00F7BD3F /* Assets.xcassets in Resources */,
			);
			runOnlyForDeploymentPostprocessing = 0;
		};
		452B41E62ACEEFEE00F7BD3F /* Resources */ = {
			isa = PBXResourcesBuildPhase;
			buildActionMask = 2147483647;
			files = (
			);
			runOnlyForDeploymentPostprocessing = 0;
		};
		452B41F02ACEEFEE00F7BD3F /* Resources */ = {
			isa = PBXResourcesBuildPhase;
			buildActionMask = 2147483647;
			files = (
			);
			runOnlyForDeploymentPostprocessing = 0;
		};
/* End PBXResourcesBuildPhase section */

/* Begin PBXSourcesBuildPhase section */
		452B41D42ACEEFED00F7BD3F /* Sources */ = {
			isa = PBXSourcesBuildPhase;
			buildActionMask = 2147483647;
			files = (
				45EF2C9F2ACF444A00121246 /* ThemePicker.swift in Sources */,
				454A5FA72AD06DF300350785 /* ScrumProgressViewStyle.swift in Sources */,
				45ACB79A2AD1AA560035E688 /* ScrumStore.swift in Sources */,
				4542F7612AD09F90002E075D /* History.swift in Sources */,
				45349F152AD074370018A5AB /* MeetingFooterView.swift in Sources */,
				45349F132AD070540018A5AB /* ScrumTimer.swift in Sources */,
				452B42092ACEFC8A00F7BD3F /* DailyScrum.swift in Sources */,
				452B42132ACF0F2900F7BD3F /* DetailView.swift in Sources */,
				454A5FA22AD065AC00350785 /* MeetingHeaderView.swift in Sources */,
				45EF2C9B2ACF306100121246 /* DetailEditView.swift in Sources */,
				45ACB7A62AD1EC2D0035E688 /* SpeechRecognizer.swift in Sources */,
				4542F75F2AD09684002E075D /* EditScrumSheet.swift in Sources */,
				4542F75D2AD0931D002E075D /* NewScrumSheet.swift in Sources */,
				45ACB7A22AD1D2960035E688 /* SpeakerArc.swift in Sources */,
				452B420F2ACF02FD00F7BD3F /* TrailingIconLabelStyle.swift in Sources */,
				452B42072ACEFAEE00F7BD3F /* Theme.swift in Sources */,
				45ACB7A02AD1D00E0035E688 /* MeetingTimerView.swift in Sources */,
				45ACB7A92AD1F0F40035E688 /* HistoryView.swift in Sources */,
				452B42112ACF05AB00F7BD3F /* ScrumsView.swift in Sources */,
				45ACB79C2AD1BDAA0035E688 /* ErrorWrapper.swift in Sources */,
				452B41DE2ACEEFED00F7BD3F /* MeetingView.swift in Sources */,
				452B41DC2ACEEFED00F7BD3F /* ScrumdingerApp.swift in Sources */,
				45EF2C9D2ACF3C2100121246 /* ThemeView.swift in Sources */,
				452B420B2ACEFD7F00F7BD3F /* CardView.swift in Sources */,
				4542F7572AD077E2002E075D /* AVPlayer+Ding.swift in Sources */,
				45ACB79E2AD1BE170035E688 /* ErrorView.swift in Sources */,
			);
			runOnlyForDeploymentPostprocessing = 0;
		};
		452B41E42ACEEFEE00F7BD3F /* Sources */ = {
			isa = PBXSourcesBuildPhase;
			buildActionMask = 2147483647;
			files = (
				45ACB7A32AD1D2960035E688 /* SpeakerArc.swift in Sources */,
				45ACB7AA2AD1F0F40035E688 /* HistoryView.swift in Sources */,
				452B41ED2ACEEFEE00F7BD3F /* ScrumdingerTests.swift in Sources */,
				45ACB7A72AD1EC2D0035E688 /* SpeechRecognizer.swift in Sources */,
			);
			runOnlyForDeploymentPostprocessing = 0;
		};
		452B41EE2ACEEFEE00F7BD3F /* Sources */ = {
			isa = PBXSourcesBuildPhase;
			buildActionMask = 2147483647;
			files = (
				452B41F92ACEEFEE00F7BD3F /* ScrumdingerUITestsLaunchTests.swift in Sources */,
				45ACB7AB2AD1F0F40035E688 /* HistoryView.swift in Sources */,
				452B41F72ACEEFEE00F7BD3F /* ScrumdingerUITests.swift in Sources */,
			);
			runOnlyForDeploymentPostprocessing = 0;
		};
/* End PBXSourcesBuildPhase section */

/* Begin PBXTargetDependency section */
		452B41EA2ACEEFEE00F7BD3F /* PBXTargetDependency */ = {
			isa = PBXTargetDependency;
			target = 452B41D72ACEEFED00F7BD3F /* Scrumdinger */;
			targetProxy = 452B41E92ACEEFEE00F7BD3F /* PBXContainerItemProxy */;
		};
		452B41F42ACEEFEE00F7BD3F /* PBXTargetDependency */ = {
			isa = PBXTargetDependency;
			target = 452B41D72ACEEFED00F7BD3F /* Scrumdinger */;
			targetProxy = 452B41F32ACEEFEE00F7BD3F /* PBXContainerItemProxy */;
		};
/* End PBXTargetDependency section */

/* Begin XCBuildConfiguration section */
		452B41FA2ACEEFEE00F7BD3F /* Debug */ = {
			isa = XCBuildConfiguration;
			buildSettings = {
				ALWAYS_SEARCH_USER_PATHS = NO;
				ASSETCATALOG_COMPILER_GENERATE_SWIFT_ASSET_SYMBOL_EXTENSIONS = YES;
				CLANG_ANALYZER_NONNULL = YES;
				CLANG_ANALYZER_NUMBER_OBJECT_CONVERSION = YES_AGGRESSIVE;
				CLANG_CXX_LANGUAGE_STANDARD = "gnu++20";
				CLANG_ENABLE_MODULES = YES;
				CLANG_ENABLE_OBJC_ARC = YES;
				CLANG_ENABLE_OBJC_WEAK = YES;
				CLANG_WARN_BLOCK_CAPTURE_AUTORELEASING = YES;
				CLANG_WARN_BOOL_CONVERSION = YES;
				CLANG_WARN_COMMA = YES;
				CLANG_WARN_CONSTANT_CONVERSION = YES;
				CLANG_WARN_DEPRECATED_OBJC_IMPLEMENTATIONS = YES;
				CLANG_WARN_DIRECT_OBJC_ISA_USAGE = YES_ERROR;
				CLANG_WARN_DOCUMENTATION_COMMENTS = YES;
				CLANG_WARN_EMPTY_BODY = YES;
				CLANG_WARN_ENUM_CONVERSION = YES;
				CLANG_WARN_INFINITE_RECURSION = YES;
				CLANG_WARN_INT_CONVERSION = YES;
				CLANG_WARN_NON_LITERAL_NULL_CONVERSION = YES;
				CLANG_WARN_OBJC_IMPLICIT_RETAIN_SELF = YES;
				CLANG_WARN_OBJC_LITERAL_CONVERSION = YES;
				CLANG_WARN_OBJC_ROOT_CLASS = YES_ERROR;
				CLANG_WARN_QUOTED_INCLUDE_IN_FRAMEWORK_HEADER = YES;
				CLANG_WARN_RANGE_LOOP_ANALYSIS = YES;
				CLANG_WARN_STRICT_PROTOTYPES = YES;
				CLANG_WARN_SUSPICIOUS_MOVE = YES;
				CLANG_WARN_UNGUARDED_AVAILABILITY = YES_AGGRESSIVE;
				CLANG_WARN_UNREACHABLE_CODE = YES;
				CLANG_WARN__DUPLICATE_METHOD_MATCH = YES;
				COPY_PHASE_STRIP = NO;
				DEBUG_INFORMATION_FORMAT = dwarf;
				ENABLE_STRICT_OBJC_MSGSEND = YES;
				ENABLE_TESTABILITY = YES;
				ENABLE_USER_SCRIPT_SANDBOXING = YES;
				GCC_C_LANGUAGE_STANDARD = gnu17;
				GCC_DYNAMIC_NO_PIC = NO;
				GCC_NO_COMMON_BLOCKS = YES;
				GCC_OPTIMIZATION_LEVEL = 0;
				GCC_PREPROCESSOR_DEFINITIONS = (
					"DEBUG=1",
					"$(inherited)",
				);
				GCC_WARN_64_TO_32_BIT_CONVERSION = YES;
				GCC_WARN_ABOUT_RETURN_TYPE = YES_ERROR;
				GCC_WARN_UNDECLARED_SELECTOR = YES;
				GCC_WARN_UNINITIALIZED_AUTOS = YES_AGGRESSIVE;
				GCC_WARN_UNUSED_FUNCTION = YES;
				GCC_WARN_UNUSED_VARIABLE = YES;
				IPHONEOS_DEPLOYMENT_TARGET = 17.0;
				LOCALIZATION_PREFERS_STRING_CATALOGS = YES;
				MTL_ENABLE_DEBUG_INFO = INCLUDE_SOURCE;
				MTL_FAST_MATH = YES;
				ONLY_ACTIVE_ARCH = YES;
				SDKROOT = iphoneos;
				SWIFT_ACTIVE_COMPILATION_CONDITIONS = "DEBUG $(inherited)";
				SWIFT_OPTIMIZATION_LEVEL = "-Onone";
			};
			name = Debug;
		};
		452B41FB2ACEEFEE00F7BD3F /* Release */ = {
			isa = XCBuildConfiguration;
			buildSettings = {
				ALWAYS_SEARCH_USER_PATHS = NO;
				ASSETCATALOG_COMPILER_GENERATE_SWIFT_ASSET_SYMBOL_EXTENSIONS = YES;
				CLANG_ANALYZER_NONNULL = YES;
				CLANG_ANALYZER_NUMBER_OBJECT_CONVERSION = YES_AGGRESSIVE;
				CLANG_CXX_LANGUAGE_STANDARD = "gnu++20";
				CLANG_ENABLE_MODULES = YES;
				CLANG_ENABLE_OBJC_ARC = YES;
				CLANG_ENABLE_OBJC_WEAK = YES;
				CLANG_WARN_BLOCK_CAPTURE_AUTORELEASING = YES;
				CLANG_WARN_BOOL_CONVERSION = YES;
				CLANG_WARN_COMMA = YES;
				CLANG_WARN_CONSTANT_CONVERSION = YES;
				CLANG_WARN_DEPRECATED_OBJC_IMPLEMENTATIONS = YES;
				CLANG_WARN_DIRECT_OBJC_ISA_USAGE = YES_ERROR;
				CLANG_WARN_DOCUMENTATION_COMMENTS = YES;
				CLANG_WARN_EMPTY_BODY = YES;
				CLANG_WARN_ENUM_CONVERSION = YES;
				CLANG_WARN_INFINITE_RECURSION = YES;
				CLANG_WARN_INT_CONVERSION = YES;
				CLANG_WARN_NON_LITERAL_NULL_CONVERSION = YES;
				CLANG_WARN_OBJC_IMPLICIT_RETAIN_SELF = YES;
				CLANG_WARN_OBJC_LITERAL_CONVERSION = YES;
				CLANG_WARN_OBJC_ROOT_CLASS = YES_ERROR;
				CLANG_WARN_QUOTED_INCLUDE_IN_FRAMEWORK_HEADER = YES;
				CLANG_WARN_RANGE_LOOP_ANALYSIS = YES;
				CLANG_WARN_STRICT_PROTOTYPES = YES;
				CLANG_WARN_SUSPICIOUS_MOVE = YES;
				CLANG_WARN_UNGUARDED_AVAILABILITY = YES_AGGRESSIVE;
				CLANG_WARN_UNREACHABLE_CODE = YES;
				CLANG_WARN__DUPLICATE_METHOD_MATCH = YES;
				COPY_PHASE_STRIP = NO;
				DEBUG_INFORMATION_FORMAT = "dwarf-with-dsym";
				ENABLE_NS_ASSERTIONS = NO;
				ENABLE_STRICT_OBJC_MSGSEND = YES;
				ENABLE_USER_SCRIPT_SANDBOXING = YES;
				GCC_C_LANGUAGE_STANDARD = gnu17;
				GCC_NO_COMMON_BLOCKS = YES;
				GCC_WARN_64_TO_32_BIT_CONVERSION = YES;
				GCC_WARN_ABOUT_RETURN_TYPE = YES_ERROR;
				GCC_WARN_UNDECLARED_SELECTOR = YES;
				GCC_WARN_UNINITIALIZED_AUTOS = YES_AGGRESSIVE;
				GCC_WARN_UNUSED_FUNCTION = YES;
				GCC_WARN_UNUSED_VARIABLE = YES;
				IPHONEOS_DEPLOYMENT_TARGET = 17.0;
				LOCALIZATION_PREFERS_STRING_CATALOGS = YES;
				MTL_ENABLE_DEBUG_INFO = NO;
				MTL_FAST_MATH = YES;
				SDKROOT = iphoneos;
				SWIFT_COMPILATION_MODE = wholemodule;
				VALIDATE_PRODUCT = YES;
			};
			name = Release;
		};
		452B41FD2ACEEFEE00F7BD3F /* Debug */ = {
			isa = XCBuildConfiguration;
			buildSettings = {
				ASSETCATALOG_COMPILER_APPICON_NAME = AppIcon;
				ASSETCATALOG_COMPILER_GLOBAL_ACCENT_COLOR_NAME = AccentColor;
				CODE_SIGN_STYLE = Automatic;
				CURRENT_PROJECT_VERSION = 1;
				DEVELOPMENT_ASSET_PATHS = "\"Scrumdinger/Preview Content\"";
				DEVELOPMENT_TEAM = B4H9C9LWF6;
				ENABLE_PREVIEWS = YES;
				GENERATE_INFOPLIST_FILE = YES;
				INFOPLIST_FILE = Scrumdinger/Info.plist;
				INFOPLIST_KEY_CFBundleDisplayName = Scrumdinger;
				INFOPLIST_KEY_LSApplicationCategoryType = "public.app-category.lifestyle";
				INFOPLIST_KEY_NSMicrophoneUsageDescription = "Audio is recorded to transcribe the meeting. Audio recordings are discarded after transcription.";
				INFOPLIST_KEY_NSSpeechRecognitionUsageDescription = "You can view a text transcription of your meeting in the app.";
				INFOPLIST_KEY_UIApplicationSceneManifest_Generation = YES;
				INFOPLIST_KEY_UIApplicationSupportsIndirectInputEvents = YES;
				INFOPLIST_KEY_UILaunchScreen_Generation = YES;
				INFOPLIST_KEY_UIStatusBarStyle = "";
				INFOPLIST_KEY_UISupportedInterfaceOrientations_iPad = "UIInterfaceOrientationPortrait UIInterfaceOrientationPortraitUpsideDown UIInterfaceOrientationLandscapeLeft UIInterfaceOrientationLandscapeRight";
				INFOPLIST_KEY_UISupportedInterfaceOrientations_iPhone = "UIInterfaceOrientationPortrait UIInterfaceOrientationLandscapeLeft UIInterfaceOrientationLandscapeRight";
				IPHONEOS_DEPLOYMENT_TARGET = 16.0;
				LD_RUNPATH_SEARCH_PATHS = (
					"$(inherited)",
					"@executable_path/Frameworks",
				);
				MARKETING_VERSION = 1.0;
				PRODUCT_BUNDLE_IDENTIFIER = com.ix.Scrumdinger;
				PRODUCT_NAME = "$(TARGET_NAME)";
				SWIFT_EMIT_LOC_STRINGS = YES;
				SWIFT_VERSION = 5.0;
				TARGETED_DEVICE_FAMILY = "1,2";
			};
			name = Debug;
		};
		452B41FE2ACEEFEE00F7BD3F /* Release */ = {
			isa = XCBuildConfiguration;
			buildSettings = {
				ASSETCATALOG_COMPILER_APPICON_NAME = AppIcon;
				ASSETCATALOG_COMPILER_GLOBAL_ACCENT_COLOR_NAME = AccentColor;
				CODE_SIGN_STYLE = Automatic;
				CURRENT_PROJECT_VERSION = 1;
				DEVELOPMENT_ASSET_PATHS = "\"Scrumdinger/Preview Content\"";
				DEVELOPMENT_TEAM = B4H9C9LWF6;
				ENABLE_PREVIEWS = YES;
				GENERATE_INFOPLIST_FILE = YES;
				INFOPLIST_FILE = Scrumdinger/Info.plist;
				INFOPLIST_KEY_CFBundleDisplayName = Scrumdinger;
				INFOPLIST_KEY_LSApplicationCategoryType = "public.app-category.lifestyle";
				INFOPLIST_KEY_NSMicrophoneUsageDescription = "Audio is recorded to transcribe the meeting. Audio recordings are discarded after transcription.";
				INFOPLIST_KEY_NSSpeechRecognitionUsageDescription = "You can view a text transcription of your meeting in the app.";
				INFOPLIST_KEY_UIApplicationSceneManifest_Generation = YES;
				INFOPLIST_KEY_UIApplicationSupportsIndirectInputEvents = YES;
				INFOPLIST_KEY_UILaunchScreen_Generation = YES;
				INFOPLIST_KEY_UIStatusBarStyle = "";
				INFOPLIST_KEY_UISupportedInterfaceOrientations_iPad = "UIInterfaceOrientationPortrait UIInterfaceOrientationPortraitUpsideDown UIInterfaceOrientationLandscapeLeft UIInterfaceOrientationLandscapeRight";
				INFOPLIST_KEY_UISupportedInterfaceOrientations_iPhone = "UIInterfaceOrientationPortrait UIInterfaceOrientationLandscapeLeft UIInterfaceOrientationLandscapeRight";
				IPHONEOS_DEPLOYMENT_TARGET = 16.0;
				LD_RUNPATH_SEARCH_PATHS = (
					"$(inherited)",
					"@executable_path/Frameworks",
				);
				MARKETING_VERSION = 1.0;
				PRODUCT_BUNDLE_IDENTIFIER = com.ix.Scrumdinger;
				PRODUCT_NAME = "$(TARGET_NAME)";
				SWIFT_EMIT_LOC_STRINGS = YES;
				SWIFT_VERSION = 5.0;
				TARGETED_DEVICE_FAMILY = "1,2";
			};
			name = Release;
		};
		452B42002ACEEFEE00F7BD3F /* Debug */ = {
			isa = XCBuildConfiguration;
			buildSettings = {
				ALWAYS_EMBED_SWIFT_STANDARD_LIBRARIES = YES;
				BUNDLE_LOADER = "$(TEST_HOST)";
				CODE_SIGN_STYLE = Automatic;
				CURRENT_PROJECT_VERSION = 1;
				DEVELOPMENT_TEAM = B4H9C9LWF6;
				GENERATE_INFOPLIST_FILE = YES;
				IPHONEOS_DEPLOYMENT_TARGET = 17.0;
				MARKETING_VERSION = 1.0;
				PRODUCT_BUNDLE_IDENTIFIER = com.ix.ScrumdingerTests;
				PRODUCT_NAME = "$(TARGET_NAME)";
				SWIFT_EMIT_LOC_STRINGS = NO;
				SWIFT_VERSION = 5.0;
				TARGETED_DEVICE_FAMILY = "1,2";
				TEST_HOST = "$(BUILT_PRODUCTS_DIR)/Scrumdinger.app/$(BUNDLE_EXECUTABLE_FOLDER_PATH)/Scrumdinger";
			};
			name = Debug;
		};
		452B42012ACEEFEE00F7BD3F /* Release */ = {
			isa = XCBuildConfiguration;
			buildSettings = {
				ALWAYS_EMBED_SWIFT_STANDARD_LIBRARIES = YES;
				BUNDLE_LOADER = "$(TEST_HOST)";
				CODE_SIGN_STYLE = Automatic;
				CURRENT_PROJECT_VERSION = 1;
				DEVELOPMENT_TEAM = B4H9C9LWF6;
				GENERATE_INFOPLIST_FILE = YES;
				IPHONEOS_DEPLOYMENT_TARGET = 17.0;
				MARKETING_VERSION = 1.0;
				PRODUCT_BUNDLE_IDENTIFIER = com.ix.ScrumdingerTests;
				PRODUCT_NAME = "$(TARGET_NAME)";
				SWIFT_EMIT_LOC_STRINGS = NO;
				SWIFT_VERSION = 5.0;
				TARGETED_DEVICE_FAMILY = "1,2";
				TEST_HOST = "$(BUILT_PRODUCTS_DIR)/Scrumdinger.app/$(BUNDLE_EXECUTABLE_FOLDER_PATH)/Scrumdinger";
			};
			name = Release;
		};
		452B42032ACEEFEE00F7BD3F /* Debug */ = {
			isa = XCBuildConfiguration;
			buildSettings = {
				ALWAYS_EMBED_SWIFT_STANDARD_LIBRARIES = YES;
				CODE_SIGN_STYLE = Automatic;
				CURRENT_PROJECT_VERSION = 1;
				DEVELOPMENT_TEAM = B4H9C9LWF6;
				GENERATE_INFOPLIST_FILE = YES;
				MARKETING_VERSION = 1.0;
				PRODUCT_BUNDLE_IDENTIFIER = com.ix.ScrumdingerUITests;
				PRODUCT_NAME = "$(TARGET_NAME)";
				SWIFT_EMIT_LOC_STRINGS = NO;
				SWIFT_VERSION = 5.0;
				TARGETED_DEVICE_FAMILY = "1,2";
				TEST_TARGET_NAME = Scrumdinger;
			};
			name = Debug;
		};
		452B42042ACEEFEE00F7BD3F /* Release */ = {
			isa = XCBuildConfiguration;
			buildSettings = {
				ALWAYS_EMBED_SWIFT_STANDARD_LIBRARIES = YES;
				CODE_SIGN_STYLE = Automatic;
				CURRENT_PROJECT_VERSION = 1;
				DEVELOPMENT_TEAM = B4H9C9LWF6;
				GENERATE_INFOPLIST_FILE = YES;
				MARKETING_VERSION = 1.0;
				PRODUCT_BUNDLE_IDENTIFIER = com.ix.ScrumdingerUITests;
				PRODUCT_NAME = "$(TARGET_NAME)";
				SWIFT_EMIT_LOC_STRINGS = NO;
				SWIFT_VERSION = 5.0;
				TARGETED_DEVICE_FAMILY = "1,2";
				TEST_TARGET_NAME = Scrumdinger;
			};
			name = Release;
		};
/* End XCBuildConfiguration section */

/* Begin XCConfigurationList section */
		452B41D32ACEEFED00F7BD3F /* Build configuration list for PBXProject "Scrumdinger" */ = {
			isa = XCConfigurationList;
			buildConfigurations = (
				452B41FA2ACEEFEE00F7BD3F /* Debug */,
				452B41FB2ACEEFEE00F7BD3F /* Release */,
			);
			defaultConfigurationIsVisible = 0;
			defaultConfigurationName = Release;
		};
		452B41FC2ACEEFEE00F7BD3F /* Build configuration list for PBXNativeTarget "Scrumdinger" */ = {
			isa = XCConfigurationList;
			buildConfigurations = (
				452B41FD2ACEEFEE00F7BD3F /* Debug */,
				452B41FE2ACEEFEE00F7BD3F /* Release */,
			);
			defaultConfigurationIsVisible = 0;
			defaultConfigurationName = Release;
		};
		452B41FF2ACEEFEE00F7BD3F /* Build configuration list for PBXNativeTarget "ScrumdingerTests" */ = {
			isa = XCConfigurationList;
			buildConfigurations = (
				452B42002ACEEFEE00F7BD3F /* Debug */,
				452B42012ACEEFEE00F7BD3F /* Release */,
			);
			defaultConfigurationIsVisible = 0;
			defaultConfigurationName = Release;
		};
		452B42022ACEEFEE00F7BD3F /* Build configuration list for PBXNativeTarget "ScrumdingerUITests" */ = {
			isa = XCConfigurationList;
			buildConfigurations = (
				452B42032ACEEFEE00F7BD3F /* Debug */,
				452B42042ACEEFEE00F7BD3F /* Release */,
			);
			defaultConfigurationIsVisible = 0;
			defaultConfigurationName = Release;
		};
/* End XCConfigurationList section */
	};
	rootObject = 452B41D02ACEEFED00F7BD3F /* Project object */;
}
